
Microsoft Visual Studio Solution File, Format Version 12.00
# Visual Studio Version 17
VisualStudioVersion = 17.0.31903.59
MinimumVisualStudioVersion = 10.0.40219.1
Project("{FAE04EC0-301F-11D3-BF4B-00C04F79EFBC}") = "HtxLabs", "HtxLabs.csproj", "{D90E15EE-0C50-4E79-8FDB-21925D64C3F7}"
EndProject
Project("{FAE04EC0-301F-11D3-BF4B-00C04F79EFBC}") = "HtxLabs.Tests", "..\HtxLabs.Tests\HtxLabs.Tests.csproj", "{A4E05C06-F6D9-4F51-A3CB-AA416178B143}"
EndProject
Project("{FAE04EC0-301F-11D3-BF4B-00C04F79EFBC}") = "HtxSquareLab", "..\HtxSquareLab\HtxSquareLab.csproj", "{0B22BE1E-6CCC-4010-ACE6-4560750832B4}"
EndProject
Global
	GlobalSection(SolutionConfigurationPlatforms) = preSolution
		Debug|Any CPU = Debug|Any CPU
		Release|Any CPU = Release|Any CPU
	EndGlobalSection
	GlobalSection(SolutionProperties) = preSolution
		HideSolutionNode = FALSE
	EndGlobalSection
	GlobalSection(ProjectConfigurationPlatforms) = postSolution
		{D90E15EE-0C50-4E79-8FDB-21925D64C3F7}.Debug|Any CPU.ActiveCfg = Debug|Any CPU
		{D90E15EE-0C50-4E79-8FDB-21925D64C3F7}.Debug|Any CPU.Build.0 = Debug|Any CPU
		{D90E15EE-0C50-4E79-8FDB-21925D64C3F7}.Release|Any CPU.ActiveCfg = Release|Any CPU
		{D90E15EE-0C50-4E79-8FDB-21925D64C3F7}.Release|Any CPU.Build.0 = Release|Any CPU
		{A4E05C06-F6D9-4F51-A3CB-AA416178B143}.Debug|Any CPU.ActiveCfg = Debug|Any CPU
		{A4E05C06-F6D9-4F51-A3CB-AA416178B143}.Debug|Any CPU.Build.0 = Debug|Any CPU
		{A4E05C06-F6D9-4F51-A3CB-AA416178B143}.Release|Any CPU.ActiveCfg = Release|Any CPU
		{A4E05C06-F6D9-4F51-A3CB-AA416178B143}.Release|Any CPU.Build.0 = Release|Any CPU
		{0B22BE1E-6CCC-4010-ACE6-4560750832B4}.Debug|Any CPU.ActiveCfg = Debug|Any CPU
		{0B22BE1E-6CCC-4010-ACE6-4560750832B4}.Debug|Any CPU.Build.0 = Debug|Any CPU
		{0B22BE1E-6CCC-4010-ACE6-4560750832B4}.Release|Any CPU.ActiveCfg = Release|Any CPU
		{0B22BE1E-6CCC-4010-ACE6-4560750832B4}.Release|Any CPU.Build.0 = Release|Any CPU
	EndGlobalSection
EndGlobal
